
Microsoft Visual Studio Solution File, Format Version 12.00
# Visual Studio Version 17
VisualStudioVersion = 17.10.35122.118
MinimumVisualStudioVersion = 10.0.40219.1
Project("{9A19103F-16F7-4668-BE54-9A1E7A4F7556}") = "Rizzer Program", "Rizzer Program.csproj", "{6F635840-1630-4175-BAC5-6D2F003BFC8D}"
EndProject
Global
	GlobalSection(SolutionConfigurationPlatforms) = preSolution
		Debug|Any CPU = Debug|Any CPU
		Release|Any CPU = Release|Any CPU
	EndGlobalSection
	GlobalSection(ProjectConfigurationPlatforms) = postSolution
		{6F635840-1630-4175-BAC5-6D2F003BFC8D}.Debug|Any CPU.ActiveCfg = Debug|Any CPU
		{6F635840-1630-4175-BAC5-6D2F003BFC8D}.Debug|Any CPU.Build.0 = Debug|Any CPU
		{6F635840-1630-4175-BAC5-6D2F003BFC8D}.Release|Any CPU.ActiveCfg = Release|Any CPU
		{6F635840-1630-4175-BAC5-6D2F003BFC8D}.Release|Any CPU.Build.0 = Release|Any CPU
	EndGlobalSection
	GlobalSection(SolutionProperties) = preSolution
		HideSolutionNode = FALSE
	EndGlobalSection
	GlobalSection(ExtensibilityGlobals) = postSolution
		SolutionGuid = {F4E3C2B8-FBE3-42FE-A959-89166E9BB915}
	EndGlobalSection
EndGlobal
